// !$*UTF8*$!
{
	archiveVersion = 1;
	classes = {
	};
	objectVersion = 46;
	objects = {

/* Begin PBXBuildFile section */
		AA239AD41879EFC5005590D4 /* AVFoundation.framework in Frameworks */ = {isa = PBXBuildFile; fileRef = AA239AD31879EFC5005590D4 /* AVFoundation.framework */; };
		AA239AD71879F9BB005590D4 /* LWRecording.m in Sources */ = {isa = PBXBuildFile; fileRef = AA239AD61879F9BB005590D4 /* LWRecording.m */; };
		AA239ADA1879FFC5005590D4 /* LWRecordingStore.m in Sources */ = {isa = PBXBuildFile; fileRef = AA239AD91879FFC5005590D4 /* LWRecordingStore.m */; };
		AA239ADD187A453F005590D4 /* LWRecordingCell.m in Sources */ = {isa = PBXBuildFile; fileRef = AA239ADC187A453F005590D4 /* LWRecordingCell.m */; };
		AA239ADF187A4583005590D4 /* LWRecordingCell.xib in Resources */ = {isa = PBXBuildFile; fileRef = AA239ADE187A4583005590D4 /* LWRecordingCell.xib */; };
		AA239AE2187E212D005590D4 /* LWSetWeeklyViewController.m in Sources */ = {isa = PBXBuildFile; fileRef = AA239AE1187E212D005590D4 /* LWSetWeeklyViewController.m */; };
		AA239AE718810A58005590D4 /* LWSetRetriggerViewController.m in Sources */ = {isa = PBXBuildFile; fileRef = AA239AE618810A58005590D4 /* LWSetRetriggerViewController.m */; };
		AA239AE918811B5A005590D4 /* LWSetRetriggerViewController.xib in Resources */ = {isa = PBXBuildFile; fileRef = AA239AE818811B5A005590D4 /* LWSetRetriggerViewController.xib */; };
		AA239B06188635D6005590D4 /* Apex.m4r in Resources */ = {isa = PBXBuildFile; fileRef = AA239AEB188635D6005590D4 /* Apex.m4r */; };
		AA239B07188635D6005590D4 /* Beacon.m4r in Resources */ = {isa = PBXBuildFile; fileRef = AA239AEC188635D6005590D4 /* Beacon.m4r */; };
		AA239B08188635D6005590D4 /* Bulletin.m4r in Resources */ = {isa = PBXBuildFile; fileRef = AA239AED188635D6005590D4 /* Bulletin.m4r */; };
		AA239B09188635D6005590D4 /* By The Seaside.m4r in Resources */ = {isa = PBXBuildFile; fileRef = AA239AEE188635D6005590D4 /* By The Seaside.m4r */; };
		AA239B0A188635D6005590D4 /* Chimes.m4r in Resources */ = {isa = PBXBuildFile; fileRef = AA239AEF188635D6005590D4 /* Chimes.m4r */; };
		AA239B0B188635D6005590D4 /* Circuit.m4r in Resources */ = {isa = PBXBuildFile; fileRef = AA239AF0188635D6005590D4 /* Circuit.m4r */; };
		AA239B0C188635D6005590D4 /* Constellation.m4r in Resources */ = {isa = PBXBuildFile; fileRef = AA239AF1188635D6005590D4 /* Constellation.m4r */; };
		AA239B0D188635D6005590D4 /* Cosmic.m4r in Resources */ = {isa = PBXBuildFile; fileRef = AA239AF2188635D6005590D4 /* Cosmic.m4r */; };
		AA239B0E188635D6005590D4 /* Crystals.m4r in Resources */ = {isa = PBXBuildFile; fileRef = AA239AF3188635D6005590D4 /* Crystals.m4r */; };
		AA239B0F188635D6005590D4 /* Hillside.m4r in Resources */ = {isa = PBXBuildFile; fileRef = AA239AF4188635D6005590D4 /* Hillside.m4r */; };
		AA239B10188635D6005590D4 /* Illuminate.m4r in Resources */ = {isa = PBXBuildFile; fileRef = AA239AF5188635D6005590D4 /* Illuminate.m4r */; };
		AA239B11188635D6005590D4 /* Night Owl.m4r in Resources */ = {isa = PBXBuildFile; fileRef = AA239AF6188635D6005590D4 /* Night Owl.m4r */; };
		AA239B12188635D6005590D4 /* Opening.m4r in Resources */ = {isa = PBXBuildFile; fileRef = AA239AF7188635D6005590D4 /* Opening.m4r */; };
		AA239B13188635D6005590D4 /* Playtime.m4r in Resources */ = {isa = PBXBuildFile; fileRef = AA239AF8188635D6005590D4 /* Playtime.m4r */; };
		AA239B14188635D6005590D4 /* Presto.m4r in Resources */ = {isa = PBXBuildFile; fileRef = AA239AF9188635D6005590D4 /* Presto.m4r */; };
		AA239B15188635D6005590D4 /* Radar.m4r in Resources */ = {isa = PBXBuildFile; fileRef = AA239AFA188635D6005590D4 /* Radar.m4r */; };
		AA239B16188635D6005590D4 /* Radiate.m4r in Resources */ = {isa = PBXBuildFile; fileRef = AA239AFB188635D6005590D4 /* Radiate.m4r */; };
		AA239B17188635D6005590D4 /* Ripples.m4r in Resources */ = {isa = PBXBuildFile; fileRef = AA239AFC188635D6005590D4 /* Ripples.m4r */; };
		AA239B18188635D6005590D4 /* Sencha.m4r in Resources */ = {isa = PBXBuildFile; fileRef = AA239AFD188635D6005590D4 /* Sencha.m4r */; };
		AA239B19188635D6005590D4 /* Signal.m4r in Resources */ = {isa = PBXBuildFile; fileRef = AA239AFE188635D6005590D4 /* Signal.m4r */; };
		AA239B1A188635D6005590D4 /* Silk.m4r in Resources */ = {isa = PBXBuildFile; fileRef = AA239AFF188635D6005590D4 /* Silk.m4r */; };
		AA239B1B188635D6005590D4 /* Slow Rise.m4r in Resources */ = {isa = PBXBuildFile; fileRef = AA239B00188635D6005590D4 /* Slow Rise.m4r */; };
		AA239B1C188635D6005590D4 /* Stargaze.m4r in Resources */ = {isa = PBXBuildFile; fileRef = AA239B01188635D6005590D4 /* Stargaze.m4r */; };
		AA239B1D188635D6005590D4 /* Summit.m4r in Resources */ = {isa = PBXBuildFile; fileRef = AA239B02188635D6005590D4 /* Summit.m4r */; };
		AA239B1E188635D6005590D4 /* Twinkle.m4r in Resources */ = {isa = PBXBuildFile; fileRef = AA239B03188635D6005590D4 /* Twinkle.m4r */; };
		AA239B1F188635D6005590D4 /* Uplift.m4r in Resources */ = {isa = PBXBuildFile; fileRef = AA239B04188635D6005590D4 /* Uplift.m4r */; };
		AA239B20188635D6005590D4 /* Waves.m4r in Resources */ = {isa = PBXBuildFile; fileRef = AA239B05188635D6005590D4 /* Waves.m4r */; };
		AA239B2618863741005590D4 /* LWSetSoundViewController.m in Sources */ = {isa = PBXBuildFile; fileRef = AA239B2518863741005590D4 /* LWSetSoundViewController.m */; };
		AA5596F118A6A49300022DB7 /* alarm.png in Resources */ = {isa = PBXBuildFile; fileRef = AA5596EF18A6A49300022DB7 /* alarm.png */; };
		AA5596F218A6A49300022DB7 /* alarm@2x.png in Resources */ = {isa = PBXBuildFile; fileRef = AA5596F018A6A49300022DB7 /* alarm@2x.png */; };
		AA5596F518A6A69900022DB7 /* z.png in Resources */ = {isa = PBXBuildFile; fileRef = AA5596F318A6A69900022DB7 /* z.png */; };
		AA5596F618A6A69900022DB7 /* z@2x.png in Resources */ = {isa = PBXBuildFile; fileRef = AA5596F418A6A69900022DB7 /* z@2x.png */; };
		AA5596F818A6B4E300022DB7 /* Default@2x.png in Resources */ = {isa = PBXBuildFile; fileRef = AA5596F718A6B4E300022DB7 /* Default@2x.png */; };
		AA58C40B18A3E13300FD5D76 /* pause.jpg in Resources */ = {isa = PBXBuildFile; fileRef = AA58C40918A3E13300FD5D76 /* pause.jpg */; };
		AA58C40C18A3E13300FD5D76 /* play.jpg in Resources */ = {isa = PBXBuildFile; fileRef = AA58C40A18A3E13300FD5D76 /* play.jpg */; };
		AAC30B7E18AC41450052C0B7 /* AudioToolbox.framework in Frameworks */ = {isa = PBXBuildFile; fileRef = AAC30B7D18AC41450052C0B7 /* AudioToolbox.framework */; };
		AAC67FD518A05221008F2527 /* 11-clock@2x.png in Resources */ = {isa = PBXBuildFile; fileRef = AAC67FD418A05221008F2527 /* 11-clock@2x.png */; };
		AAC67FD718A05262008F2527 /* 159-voicemail@2x.png in Resources */ = {isa = PBXBuildFile; fileRef = AAC67FD618A05262008F2527 /* 159-voicemail@2x.png */; };
		AAC67FD918A05329008F2527 /* 11-clock.png in Resources */ = {isa = PBXBuildFile; fileRef = AAC67FD818A05329008F2527 /* 11-clock.png */; };
		AAC67FDB18A05334008F2527 /* 159-voicemail.png in Resources */ = {isa = PBXBuildFile; fileRef = AAC67FDA18A05334008F2527 /* 159-voicemail.png */; };
		AADA01F2186BA9D400996297 /* Foundation.framework in Frameworks */ = {isa = PBXBuildFile; fileRef = AADA01F1186BA9D400996297 /* Foundation.framework */; };
		AADA01F4186BA9D400996297 /* CoreGraphics.framework in Frameworks */ = {isa = PBXBuildFile; fileRef = AADA01F3186BA9D400996297 /* CoreGraphics.framework */; };
		AADA01F6186BA9D400996297 /* UIKit.framework in Frameworks */ = {isa = PBXBuildFile; fileRef = AADA01F5186BA9D400996297 /* UIKit.framework */; };
		AADA01FC186BA9D400996297 /* InfoPlist.strings in Resources */ = {isa = PBXBuildFile; fileRef = AADA01FA186BA9D400996297 /* InfoPlist.strings */; };
		AADA01FE186BA9D400996297 /* main.m in Sources */ = {isa = PBXBuildFile; fileRef = AADA01FD186BA9D400996297 /* main.m */; };
		AADA0202186BA9D400996297 /* LWAppDelegate.m in Sources */ = {isa = PBXBuildFile; fileRef = AADA0201186BA9D400996297 /* LWAppDelegate.m */; };
		AADA0204186BA9D400996297 /* Images.xcassets in Resources */ = {isa = PBXBuildFile; fileRef = AADA0203186BA9D400996297 /* Images.xcassets */; };
		AADA020B186BA9D400996297 /* XCTest.framework in Frameworks */ = {isa = PBXBuildFile; fileRef = AADA020A186BA9D400996297 /* XCTest.framework */; };
		AADA020C186BA9D400996297 /* Foundation.framework in Frameworks */ = {isa = PBXBuildFile; fileRef = AADA01F1186BA9D400996297 /* Foundation.framework */; };
		AADA020D186BA9D400996297 /* UIKit.framework in Frameworks */ = {isa = PBXBuildFile; fileRef = AADA01F5186BA9D400996297 /* UIKit.framework */; };
		AADA0215186BA9D400996297 /* InfoPlist.strings in Resources */ = {isa = PBXBuildFile; fileRef = AADA0213186BA9D400996297 /* InfoPlist.strings */; };
		AADA0217186BA9D400996297 /* LucidwakeTests.m in Sources */ = {isa = PBXBuildFile; fileRef = AADA0216186BA9D400996297 /* LucidwakeTests.m */; };
		AADA0222186BACFB00996297 /* LWAlarmViewController.m in Sources */ = {isa = PBXBuildFile; fileRef = AADA0221186BACFB00996297 /* LWAlarmViewController.m */; };
		AADA022B186BAD6300996297 /* LWRecordingsViewController.m in Sources */ = {isa = PBXBuildFile; fileRef = AADA022A186BAD6300996297 /* LWRecordingsViewController.m */; };
		AADA022D186BAD7300996297 /* LWRecordingsViewController.xib in Resources */ = {isa = PBXBuildFile; fileRef = AADA022C186BAD7300996297 /* LWRecordingsViewController.xib */; };
		AADA0288187138BB00996297 /* LWAlarmStore.m in Sources */ = {isa = PBXBuildFile; fileRef = AADA0287187138BB00996297 /* LWAlarmStore.m */; };
		AADA028B1871391100996297 /* LWAlarm.m in Sources */ = {isa = PBXBuildFile; fileRef = AADA028A1871391100996297 /* LWAlarm.m */; };
		AADA028E18713CDB00996297 /* LWAddAlarmViewController.m in Sources */ = {isa = PBXBuildFile; fileRef = AADA028D18713CDB00996297 /* LWAddAlarmViewController.m */; };
		AADA029018713CF300996297 /* LWAddAlarmViewController.xib in Resources */ = {isa = PBXBuildFile; fileRef = AADA028F18713CF300996297 /* LWAddAlarmViewController.xib */; };
		AADA02E318761D7E00996297 /* LWAlarmCell.m in Sources */ = {isa = PBXBuildFile; fileRef = AADA02E218761D7E00996297 /* LWAlarmCell.m */; };
		AADA02E518761E2900996297 /* LWAlarmCell.xib in Resources */ = {isa = PBXBuildFile; fileRef = AADA02E418761E2900996297 /* LWAlarmCell.xib */; };
		AADA02EA187799DF00996297 /* LWSetLabelViewController.m in Sources */ = {isa = PBXBuildFile; fileRef = AADA02E9187799DF00996297 /* LWSetLabelViewController.m */; };
		AADA02EC18779A5500996297 /* LWSetLabelViewController.xib in Resources */ = {isa = PBXBuildFile; fileRef = AADA02EB18779A5500996297 /* LWSetLabelViewController.xib */; };
		AAE8D49D189D9E49009B68DF /* LWAlarmNotification.m in Sources */ = {isa = PBXBuildFile; fileRef = AAE8D49C189D9E49009B68DF /* LWAlarmNotification.m */; };
		AAF1C55318876EFF00D33FEE /* up.jpg in Resources */ = {isa = PBXBuildFile; fileRef = AAF1C55218876EFF00D33FEE /* up.jpg */; };
		AAF1C5561891CAAD00D33FEE /* LWTemporallyOrderedNotifications.m in Sources */ = {isa = PBXBuildFile; fileRef = AAF1C5551891CAAD00D33FEE /* LWTemporallyOrderedNotifications.m */; };
		AAF1C5581896E54000D33FEE /* silence.wav in Resources */ = {isa = PBXBuildFile; fileRef = AAF1C5571896E54000D33FEE /* silence.wav */; };
/* End PBXBuildFile section */

/* Begin PBXContainerItemProxy section */
		AADA020E186BA9D400996297 /* PBXContainerItemProxy */ = {
			isa = PBXContainerItemProxy;
			containerPortal = AADA01E6186BA9D300996297 /* Project object */;
			proxyType = 1;
			remoteGlobalIDString = AADA01ED186BA9D400996297;
			remoteInfo = Lucidwake;
		};
/* End PBXContainerItemProxy section */

/* Begin PBXFileReference section */
		AA239AD31879EFC5005590D4 /* AVFoundation.framework */ = {isa = PBXFileReference; lastKnownFileType = wrapper.framework; name = AVFoundation.framework; path = System/Library/Frameworks/AVFoundation.framework; sourceTree = SDKROOT; };
		AA239AD51879F9BB005590D4 /* LWRecording.h */ = {isa = PBXFileReference; fileEncoding = 4; lastKnownFileType = sourcecode.c.h; path = LWRecording.h; sourceTree = "<group>"; };
		AA239AD61879F9BB005590D4 /* LWRecording.m */ = {isa = PBXFileReference; fileEncoding = 4; lastKnownFileType = sourcecode.c.objc; path = LWRecording.m; sourceTree = "<group>"; };
		AA239AD81879FFC5005590D4 /* LWRecordingStore.h */ = {isa = PBXFileReference; fileEncoding = 4; lastKnownFileType = sourcecode.c.h; path = LWRecordingStore.h; sourceTree = "<group>"; };
		AA239AD91879FFC5005590D4 /* LWRecordingStore.m */ = {isa = PBXFileReference; fileEncoding = 4; lastKnownFileType = sourcecode.c.objc; path = LWRecordingStore.m; sourceTree = "<group>"; };
		AA239ADB187A453F005590D4 /* LWRecordingCell.h */ = {isa = PBXFileReference; fileEncoding = 4; lastKnownFileType = sourcecode.c.h; path = LWRecordingCell.h; sourceTree = "<group>"; };
		AA239ADC187A453F005590D4 /* LWRecordingCell.m */ = {isa = PBXFileReference; fileEncoding = 4; lastKnownFileType = sourcecode.c.objc; path = LWRecordingCell.m; sourceTree = "<group>"; };
		AA239ADE187A4583005590D4 /* LWRecordingCell.xib */ = {isa = PBXFileReference; fileEncoding = 4; lastKnownFileType = file.xib; path = LWRecordingCell.xib; sourceTree = "<group>"; };
		AA239AE0187E212D005590D4 /* LWSetWeeklyViewController.h */ = {isa = PBXFileReference; fileEncoding = 4; lastKnownFileType = sourcecode.c.h; path = LWSetWeeklyViewController.h; sourceTree = "<group>"; };
		AA239AE1187E212D005590D4 /* LWSetWeeklyViewController.m */ = {isa = PBXFileReference; fileEncoding = 4; lastKnownFileType = sourcecode.c.objc; path = LWSetWeeklyViewController.m; sourceTree = "<group>"; };
		AA239AE518810A58005590D4 /* LWSetRetriggerViewController.h */ = {isa = PBXFileReference; fileEncoding = 4; lastKnownFileType = sourcecode.c.h; path = LWSetRetriggerViewController.h; sourceTree = "<group>"; };
		AA239AE618810A58005590D4 /* LWSetRetriggerViewController.m */ = {isa = PBXFileReference; fileEncoding = 4; lastKnownFileType = sourcecode.c.objc; path = LWSetRetriggerViewController.m; sourceTree = "<group>"; };
		AA239AE818811B5A005590D4 /* LWSetRetriggerViewController.xib */ = {isa = PBXFileReference; fileEncoding = 4; lastKnownFileType = file.xib; path = LWSetRetriggerViewController.xib; sourceTree = "<group>"; };
		AA239AEB188635D6005590D4 /* Apex.m4r */ = {isa = PBXFileReference; lastKnownFileType = file; path = Apex.m4r; sourceTree = "<group>"; };
		AA239AEC188635D6005590D4 /* Beacon.m4r */ = {isa = PBXFileReference; lastKnownFileType = file; path = Beacon.m4r; sourceTree = "<group>"; };
		AA239AED188635D6005590D4 /* Bulletin.m4r */ = {isa = PBXFileReference; lastKnownFileType = file; path = Bulletin.m4r; sourceTree = "<group>"; };
		AA239AEE188635D6005590D4 /* By The Seaside.m4r */ = {isa = PBXFileReference; lastKnownFileType = file; path = "By The Seaside.m4r"; sourceTree = "<group>"; };
		AA239AEF188635D6005590D4 /* Chimes.m4r */ = {isa = PBXFileReference; lastKnownFileType = file; path = Chimes.m4r; sourceTree = "<group>"; };
		AA239AF0188635D6005590D4 /* Circuit.m4r */ = {isa = PBXFileReference; lastKnownFileType = file; path = Circuit.m4r; sourceTree = "<group>"; };
		AA239AF1188635D6005590D4 /* Constellation.m4r */ = {isa = PBXFileReference; lastKnownFileType = file; path = Constellation.m4r; sourceTree = "<group>"; };
		AA239AF2188635D6005590D4 /* Cosmic.m4r */ = {isa = PBXFileReference; lastKnownFileType = file; path = Cosmic.m4r; sourceTree = "<group>"; };
		AA239AF3188635D6005590D4 /* Crystals.m4r */ = {isa = PBXFileReference; lastKnownFileType = file; path = Crystals.m4r; sourceTree = "<group>"; };
		AA239AF4188635D6005590D4 /* Hillside.m4r */ = {isa = PBXFileReference; lastKnownFileType = file; path = Hillside.m4r; sourceTree = "<group>"; };
		AA239AF5188635D6005590D4 /* Illuminate.m4r */ = {isa = PBXFileReference; lastKnownFileType = file; path = Illuminate.m4r; sourceTree = "<group>"; };
		AA239AF6188635D6005590D4 /* Night Owl.m4r */ = {isa = PBXFileReference; lastKnownFileType = file; path = "Night Owl.m4r"; sourceTree = "<group>"; };
		AA239AF7188635D6005590D4 /* Opening.m4r */ = {isa = PBXFileReference; lastKnownFileType = file; path = Opening.m4r; sourceTree = "<group>"; };
		AA239AF8188635D6005590D4 /* Playtime.m4r */ = {isa = PBXFileReference; lastKnownFileType = file; path = Playtime.m4r; sourceTree = "<group>"; };
		AA239AF9188635D6005590D4 /* Presto.m4r */ = {isa = PBXFileReference; lastKnownFileType = file; path = Presto.m4r; sourceTree = "<group>"; };
		AA239AFA188635D6005590D4 /* Radar.m4r */ = {isa = PBXFileReference; lastKnownFileType = file; path = Radar.m4r; sourceTree = "<group>"; };
		AA239AFB188635D6005590D4 /* Radiate.m4r */ = {isa = PBXFileReference; lastKnownFileType = file; path = Radiate.m4r; sourceTree = "<group>"; };
		AA239AFC188635D6005590D4 /* Ripples.m4r */ = {isa = PBXFileReference; lastKnownFileType = file; path = Ripples.m4r; sourceTree = "<group>"; };
		AA239AFD188635D6005590D4 /* Sencha.m4r */ = {isa = PBXFileReference; lastKnownFileType = file; path = Sencha.m4r; sourceTree = "<group>"; };
		AA239AFE188635D6005590D4 /* Signal.m4r */ = {isa = PBXFileReference; lastKnownFileType = file; path = Signal.m4r; sourceTree = "<group>"; };
		AA239AFF188635D6005590D4 /* Silk.m4r */ = {isa = PBXFileReference; lastKnownFileType = file; path = Silk.m4r; sourceTree = "<group>"; };
		AA239B00188635D6005590D4 /* Slow Rise.m4r */ = {isa = PBXFileReference; lastKnownFileType = file; path = "Slow Rise.m4r"; sourceTree = "<group>"; };
		AA239B01188635D6005590D4 /* Stargaze.m4r */ = {isa = PBXFileReference; lastKnownFileType = file; path = Stargaze.m4r; sourceTree = "<group>"; };
		AA239B02188635D6005590D4 /* Summit.m4r */ = {isa = PBXFileReference; lastKnownFileType = file; path = Summit.m4r; sourceTree = "<group>"; };
		AA239B03188635D6005590D4 /* Twinkle.m4r */ = {isa = PBXFileReference; lastKnownFileType = file; path = Twinkle.m4r; sourceTree = "<group>"; };
		AA239B04188635D6005590D4 /* Uplift.m4r */ = {isa = PBXFileReference; lastKnownFileType = file; path = Uplift.m4r; sourceTree = "<group>"; };
		AA239B05188635D6005590D4 /* Waves.m4r */ = {isa = PBXFileReference; lastKnownFileType = file; path = Waves.m4r; sourceTree = "<group>"; };
		AA239B2418863741005590D4 /* LWSetSoundViewController.h */ = {isa = PBXFileReference; fileEncoding = 4; lastKnownFileType = sourcecode.c.h; path = LWSetSoundViewController.h; sourceTree = "<group>"; };
		AA239B2518863741005590D4 /* LWSetSoundViewController.m */ = {isa = PBXFileReference; fileEncoding = 4; lastKnownFileType = sourcecode.c.objc; path = LWSetSoundViewController.m; sourceTree = "<group>"; };
		AA5596EF18A6A49300022DB7 /* alarm.png */ = {isa = PBXFileReference; lastKnownFileType = image.png; path = alarm.png; sourceTree = "<group>"; };
		AA5596F018A6A49300022DB7 /* alarm@2x.png */ = {isa = PBXFileReference; lastKnownFileType = image.png; path = "alarm@2x.png"; sourceTree = "<group>"; };
		AA5596F318A6A69900022DB7 /* z.png */ = {isa = PBXFileReference; lastKnownFileType = image.png; path = z.png; sourceTree = "<group>"; };
		AA5596F418A6A69900022DB7 /* z@2x.png */ = {isa = PBXFileReference; lastKnownFileType = image.png; path = "z@2x.png"; sourceTree = "<group>"; };
		AA5596F718A6B4E300022DB7 /* Default@2x.png */ = {isa = PBXFileReference; lastKnownFileType = image.png; path = "Default@2x.png"; sourceTree = "<group>"; };
		AA58C40918A3E13300FD5D76 /* pause.jpg */ = {isa = PBXFileReference; lastKnownFileType = image.jpeg; path = pause.jpg; sourceTree = "<group>"; };
		AA58C40A18A3E13300FD5D76 /* play.jpg */ = {isa = PBXFileReference; lastKnownFileType = image.jpeg; path = play.jpg; sourceTree = "<group>"; };
		AAC30B7D18AC41450052C0B7 /* AudioToolbox.framework */ = {isa = PBXFileReference; lastKnownFileType = wrapper.framework; name = AudioToolbox.framework; path = System/Library/Frameworks/AudioToolbox.framework; sourceTree = SDKROOT; };
		AAC67FD418A05221008F2527 /* 11-clock@2x.png */ = {isa = PBXFileReference; lastKnownFileType = image.png; path = "11-clock@2x.png"; sourceTree = "<group>"; };
		AAC67FD618A05262008F2527 /* 159-voicemail@2x.png */ = {isa = PBXFileReference; lastKnownFileType = image.png; path = "159-voicemail@2x.png"; sourceTree = "<group>"; };
		AAC67FD818A05329008F2527 /* 11-clock.png */ = {isa = PBXFileReference; lastKnownFileType = image.png; path = "11-clock.png"; sourceTree = "<group>"; };
		AAC67FDA18A05334008F2527 /* 159-voicemail.png */ = {isa = PBXFileReference; lastKnownFileType = image.png; path = "159-voicemail.png"; sourceTree = "<group>"; };
		AADA01EE186BA9D400996297 /* Lucidwake.app */ = {isa = PBXFileReference; explicitFileType = wrapper.application; includeInIndex = 0; path = Lucidwake.app; sourceTree = BUILT_PRODUCTS_DIR; };
		AADA01F1186BA9D400996297 /* Foundation.framework */ = {isa = PBXFileReference; lastKnownFileType = wrapper.framework; name = Foundation.framework; path = System/Library/Frameworks/Foundation.framework; sourceTree = SDKROOT; };
		AADA01F3186BA9D400996297 /* CoreGraphics.framework */ = {isa = PBXFileReference; lastKnownFileType = wrapper.framework; name = CoreGraphics.framework; path = System/Library/Frameworks/CoreGraphics.framework; sourceTree = SDKROOT; };
		AADA01F5186BA9D400996297 /* UIKit.framework */ = {isa = PBXFileReference; lastKnownFileType = wrapper.framework; name = UIKit.framework; path = System/Library/Frameworks/UIKit.framework; sourceTree = SDKROOT; };
		AADA01F9186BA9D400996297 /* Lucidwake-Info.plist */ = {isa = PBXFileReference; lastKnownFileType = text.plist.xml; path = "Lucidwake-Info.plist"; sourceTree = "<group>"; };
		AADA01FB186BA9D400996297 /* en */ = {isa = PBXFileReference; lastKnownFileType = text.plist.strings; name = en; path = en.lproj/InfoPlist.strings; sourceTree = "<group>"; };
		AADA01FD186BA9D400996297 /* main.m */ = {isa = PBXFileReference; lastKnownFileType = sourcecode.c.objc; path = main.m; sourceTree = "<group>"; };
		AADA01FF186BA9D400996297 /* Lucidwake-Prefix.pch */ = {isa = PBXFileReference; lastKnownFileType = sourcecode.c.h; path = "Lucidwake-Prefix.pch"; sourceTree = "<group>"; };
		AADA0200186BA9D400996297 /* LWAppDelegate.h */ = {isa = PBXFileReference; lastKnownFileType = sourcecode.c.h; path = LWAppDelegate.h; sourceTree = "<group>"; };
		AADA0201186BA9D400996297 /* LWAppDelegate.m */ = {isa = PBXFileReference; lastKnownFileType = sourcecode.c.objc; path = LWAppDelegate.m; sourceTree = "<group>"; };
		AADA0203186BA9D400996297 /* Images.xcassets */ = {isa = PBXFileReference; lastKnownFileType = folder.assetcatalog; path = Images.xcassets; sourceTree = "<group>"; };
		AADA0209186BA9D400996297 /* LucidwakeTests.xctest */ = {isa = PBXFileReference; explicitFileType = wrapper.cfbundle; includeInIndex = 0; path = LucidwakeTests.xctest; sourceTree = BUILT_PRODUCTS_DIR; };
		AADA020A186BA9D400996297 /* XCTest.framework */ = {isa = PBXFileReference; lastKnownFileType = wrapper.framework; name = XCTest.framework; path = Library/Frameworks/XCTest.framework; sourceTree = DEVELOPER_DIR; };
		AADA0212186BA9D400996297 /* LucidwakeTests-Info.plist */ = {isa = PBXFileReference; lastKnownFileType = text.plist.xml; path = "LucidwakeTests-Info.plist"; sourceTree = "<group>"; };
		AADA0214186BA9D400996297 /* en */ = {isa = PBXFileReference; lastKnownFileType = text.plist.strings; name = en; path = en.lproj/InfoPlist.strings; sourceTree = "<group>"; };
		AADA0216186BA9D400996297 /* LucidwakeTests.m */ = {isa = PBXFileReference; lastKnownFileType = sourcecode.c.objc; path = LucidwakeTests.m; sourceTree = "<group>"; };
		AADA0220186BACFB00996297 /* LWAlarmViewController.h */ = {isa = PBXFileReference; fileEncoding = 4; lastKnownFileType = sourcecode.c.h; path = LWAlarmViewController.h; sourceTree = "<group>"; };
		AADA0221186BACFB00996297 /* LWAlarmViewController.m */ = {isa = PBXFileReference; fileEncoding = 4; lastKnownFileType = sourcecode.c.objc; path = LWAlarmViewController.m; sourceTree = "<group>"; };
		AADA0229186BAD6300996297 /* LWRecordingsViewController.h */ = {isa = PBXFileReference; fileEncoding = 4; lastKnownFileType = sourcecode.c.h; path = LWRecordingsViewController.h; sourceTree = "<group>"; };
		AADA022A186BAD6300996297 /* LWRecordingsViewController.m */ = {isa = PBXFileReference; fileEncoding = 4; lastKnownFileType = sourcecode.c.objc; path = LWRecordingsViewController.m; sourceTree = "<group>"; };
		AADA022C186BAD7300996297 /* LWRecordingsViewController.xib */ = {isa = PBXFileReference; fileEncoding = 4; lastKnownFileType = file.xib; path = LWRecordingsViewController.xib; sourceTree = "<group>"; };
		AADA0286187138BB00996297 /* LWAlarmStore.h */ = {isa = PBXFileReference; fileEncoding = 4; lastKnownFileType = sourcecode.c.h; path = LWAlarmStore.h; sourceTree = "<group>"; };
		AADA0287187138BB00996297 /* LWAlarmStore.m */ = {isa = PBXFileReference; fileEncoding = 4; lastKnownFileType = sourcecode.c.objc; path = LWAlarmStore.m; sourceTree = "<group>"; };
		AADA02891871391100996297 /* LWAlarm.h */ = {isa = PBXFileReference; fileEncoding = 4; lastKnownFileType = sourcecode.c.h; path = LWAlarm.h; sourceTree = "<group>"; };
		AADA028A1871391100996297 /* LWAlarm.m */ = {isa = PBXFileReference; fileEncoding = 4; lastKnownFileType = sourcecode.c.objc; path = LWAlarm.m; sourceTree = "<group>"; };
		AADA028C18713CDB00996297 /* LWAddAlarmViewController.h */ = {isa = PBXFileReference; fileEncoding = 4; lastKnownFileType = sourcecode.c.h; path = LWAddAlarmViewController.h; sourceTree = "<group>"; };
		AADA028D18713CDB00996297 /* LWAddAlarmViewController.m */ = {isa = PBXFileReference; fileEncoding = 4; lastKnownFileType = sourcecode.c.objc; path = LWAddAlarmViewController.m; sourceTree = "<group>"; };
		AADA028F18713CF300996297 /* LWAddAlarmViewController.xib */ = {isa = PBXFileReference; fileEncoding = 4; lastKnownFileType = file.xib; path = LWAddAlarmViewController.xib; sourceTree = "<group>"; };
		AADA02E118761D7E00996297 /* LWAlarmCell.h */ = {isa = PBXFileReference; fileEncoding = 4; lastKnownFileType = sourcecode.c.h; path = LWAlarmCell.h; sourceTree = "<group>"; };
		AADA02E218761D7E00996297 /* LWAlarmCell.m */ = {isa = PBXFileReference; fileEncoding = 4; lastKnownFileType = sourcecode.c.objc; path = LWAlarmCell.m; sourceTree = "<group>"; };
		AADA02E418761E2900996297 /* LWAlarmCell.xib */ = {isa = PBXFileReference; fileEncoding = 4; lastKnownFileType = file.xib; path = LWAlarmCell.xib; sourceTree = "<group>"; };
		AADA02E8187799DF00996297 /* LWSetLabelViewController.h */ = {isa = PBXFileReference; fileEncoding = 4; lastKnownFileType = sourcecode.c.h; path = LWSetLabelViewController.h; sourceTree = "<group>"; };
		AADA02E9187799DF00996297 /* LWSetLabelViewController.m */ = {isa = PBXFileReference; fileEncoding = 4; lastKnownFileType = sourcecode.c.objc; path = LWSetLabelViewController.m; sourceTree = "<group>"; };
		AADA02EB18779A5500996297 /* LWSetLabelViewController.xib */ = {isa = PBXFileReference; fileEncoding = 4; lastKnownFileType = file.xib; path = LWSetLabelViewController.xib; sourceTree = "<group>"; };
		AAE8D49B189D9E49009B68DF /* LWAlarmNotification.h */ = {isa = PBXFileReference; fileEncoding = 4; lastKnownFileType = sourcecode.c.h; name = LWAlarmNotification.h; path = Ringtones/LWAlarmNotification.h; sourceTree = "<group>"; };
		AAE8D49C189D9E49009B68DF /* LWAlarmNotification.m */ = {isa = PBXFileReference; fileEncoding = 4; lastKnownFileType = sourcecode.c.objc; name = LWAlarmNotification.m; path = Ringtones/LWAlarmNotification.m; sourceTree = "<group>"; };
		AAF1C55218876EFF00D33FEE /* up.jpg */ = {isa = PBXFileReference; lastKnownFileType = image.jpeg; path = up.jpg; sourceTree = "<group>"; };
		AAF1C5541891CAAD00D33FEE /* LWTemporallyOrderedNotifications.h */ = {isa = PBXFileReference; fileEncoding = 4; lastKnownFileType = sourcecode.c.h; path = LWTemporallyOrderedNotifications.h; sourceTree = "<group>"; };
		AAF1C5551891CAAD00D33FEE /* LWTemporallyOrderedNotifications.m */ = {isa = PBXFileReference; fileEncoding = 4; lastKnownFileType = sourcecode.c.objc; path = LWTemporallyOrderedNotifications.m; sourceTree = "<group>"; };
		AAF1C5571896E54000D33FEE /* silence.wav */ = {isa = PBXFileReference; lastKnownFileType = audio.wav; path = silence.wav; sourceTree = "<group>"; };
/* End PBXFileReference section */

/* Begin PBXFrameworksBuildPhase section */
		AADA01EB186BA9D400996297 /* Frameworks */ = {
			isa = PBXFrameworksBuildPhase;
			buildActionMask = 2147483647;
			files = (
				AAC30B7E18AC41450052C0B7 /* AudioToolbox.framework in Frameworks */,
				AA239AD41879EFC5005590D4 /* AVFoundation.framework in Frameworks */,
				AADA01F4186BA9D400996297 /* CoreGraphics.framework in Frameworks */,
				AADA01F6186BA9D400996297 /* UIKit.framework in Frameworks */,
				AADA01F2186BA9D400996297 /* Foundation.framework in Frameworks */,
			);
			runOnlyForDeploymentPostprocessing = 0;
		};
		AADA0206186BA9D400996297 /* Frameworks */ = {
			isa = PBXFrameworksBuildPhase;
			buildActionMask = 2147483647;
			files = (
				AADA020B186BA9D400996297 /* XCTest.framework in Frameworks */,
				AADA020D186BA9D400996297 /* UIKit.framework in Frameworks */,
				AADA020C186BA9D400996297 /* Foundation.framework in Frameworks */,
			);
			runOnlyForDeploymentPostprocessing = 0;
		};
/* End PBXFrameworksBuildPhase section */

/* Begin PBXGroup section */
		AA239AEA188635D6005590D4 /* Ringtones */ = {
			isa = PBXGroup;
			children = (
				AAF1C54C18876C6400D33FEE /* New Group */,
				AA239AEB188635D6005590D4 /* Apex.m4r */,
				AA239AEC188635D6005590D4 /* Beacon.m4r */,
				AA239AED188635D6005590D4 /* Bulletin.m4r */,
				AA239AEE188635D6005590D4 /* By The Seaside.m4r */,
				AA239AEF188635D6005590D4 /* Chimes.m4r */,
				AA239AF0188635D6005590D4 /* Circuit.m4r */,
				AA239AF1188635D6005590D4 /* Constellation.m4r */,
				AA239AF2188635D6005590D4 /* Cosmic.m4r */,
				AA239AF3188635D6005590D4 /* Crystals.m4r */,
				AA239AF4188635D6005590D4 /* Hillside.m4r */,
				AA239AF5188635D6005590D4 /* Illuminate.m4r */,
				AA239AF6188635D6005590D4 /* Night Owl.m4r */,
				AA239AF7188635D6005590D4 /* Opening.m4r */,
				AA239AF8188635D6005590D4 /* Playtime.m4r */,
				AA239AF9188635D6005590D4 /* Presto.m4r */,
				AA239AFA188635D6005590D4 /* Radar.m4r */,
				AA239AFB188635D6005590D4 /* Radiate.m4r */,
				AA239AFC188635D6005590D4 /* Ripples.m4r */,
				AA239AFD188635D6005590D4 /* Sencha.m4r */,
				AA239AFE188635D6005590D4 /* Signal.m4r */,
				AA239AFF188635D6005590D4 /* Silk.m4r */,
				AA239B00188635D6005590D4 /* Slow Rise.m4r */,
				AA239B01188635D6005590D4 /* Stargaze.m4r */,
				AA239B02188635D6005590D4 /* Summit.m4r */,
				AA239B03188635D6005590D4 /* Twinkle.m4r */,
				AA239B04188635D6005590D4 /* Uplift.m4r */,
				AA239B05188635D6005590D4 /* Waves.m4r */,
				AAF1C5571896E54000D33FEE /* silence.wav */,
			);
			path = Ringtones;
			sourceTree = "<group>";
		};
		AADA01E5186BA9D300996297 = {
			isa = PBXGroup;
			children = (
				AA5596F718A6B4E300022DB7 /* Default@2x.png */,
				AAF1C54D18876C7300D33FEE /* Icons */,
				AA239AEA188635D6005590D4 /* Ringtones */,
				AADA01F7186BA9D400996297 /* Lucidwake */,
				AADA02E61877995A00996297 /* Alarms view */,
				AADA02E71877997900996297 /* AddAlarms view */,
				AADA0225186BAD1C00996297 /* Alarm */,
				AADA022E186BAD7C00996297 /* Recordings */,
				AADA0210186BA9D400996297 /* LucidwakeTests */,
				AADA01F0186BA9D400996297 /* Frameworks */,
				AADA01EF186BA9D400996297 /* Products */,
			);
			sourceTree = "<group>";
		};
		AADA01EF186BA9D400996297 /* Products */ = {
			isa = PBXGroup;
			children = (
				AADA01EE186BA9D400996297 /* Lucidwake.app */,
				AADA0209186BA9D400996297 /* LucidwakeTests.xctest */,
			);
			name = Products;
			sourceTree = "<group>";
		};
		AADA01F0186BA9D400996297 /* Frameworks */ = {
			isa = PBXGroup;
			children = (
				AAC30B7D18AC41450052C0B7 /* AudioToolbox.framework */,
				AA239AD31879EFC5005590D4 /* AVFoundation.framework */,
				AADA01F1186BA9D400996297 /* Foundation.framework */,
				AADA01F3186BA9D400996297 /* CoreGraphics.framework */,
				AADA01F5186BA9D400996297 /* UIKit.framework */,
				AADA020A186BA9D400996297 /* XCTest.framework */,
			);
			name = Frameworks;
			sourceTree = "<group>";
		};
		AADA01F7186BA9D400996297 /* Lucidwake */ = {
			isa = PBXGroup;
			children = (
				AADA0200186BA9D400996297 /* LWAppDelegate.h */,
				AADA0201186BA9D400996297 /* LWAppDelegate.m */,
				AADA0203186BA9D400996297 /* Images.xcassets */,
				AADA01F8186BA9D400996297 /* Supporting Files */,
			);
			path = Lucidwake;
			sourceTree = "<group>";
		};
		AADA01F8186BA9D400996297 /* Supporting Files */ = {
			isa = PBXGroup;
			children = (
				AADA01F9186BA9D400996297 /* Lucidwake-Info.plist */,
				AADA01FA186BA9D400996297 /* InfoPlist.strings */,
				AADA01FD186BA9D400996297 /* main.m */,
				AADA01FF186BA9D400996297 /* Lucidwake-Prefix.pch */,
			);
			name = "Supporting Files";
			sourceTree = "<group>";
		};
		AADA0210186BA9D400996297 /* LucidwakeTests */ = {
			isa = PBXGroup;
			children = (
				AADA0216186BA9D400996297 /* LucidwakeTests.m */,
				AADA0211186BA9D400996297 /* Supporting Files */,
			);
			path = LucidwakeTests;
			sourceTree = "<group>";
		};
		AADA0211186BA9D400996297 /* Supporting Files */ = {
			isa = PBXGroup;
			children = (
				AADA0212186BA9D400996297 /* LucidwakeTests-Info.plist */,
				AADA0213186BA9D400996297 /* InfoPlist.strings */,
			);
			name = "Supporting Files";
			sourceTree = "<group>";
		};
		AADA0225186BAD1C00996297 /* Alarm */ = {
			isa = PBXGroup;
			children = (
				AADA0286187138BB00996297 /* LWAlarmStore.h */,
				AADA0287187138BB00996297 /* LWAlarmStore.m */,
				AADA02891871391100996297 /* LWAlarm.h */,
				AADA028A1871391100996297 /* LWAlarm.m */,
				AAE8D49B189D9E49009B68DF /* LWAlarmNotification.h */,
				AAE8D49C189D9E49009B68DF /* LWAlarmNotification.m */,
				AAF1C5541891CAAD00D33FEE /* LWTemporallyOrderedNotifications.h */,
				AAF1C5551891CAAD00D33FEE /* LWTemporallyOrderedNotifications.m */,
			);
			name = Alarm;
			sourceTree = "<group>";
		};
		AADA022E186BAD7C00996297 /* Recordings */ = {
			isa = PBXGroup;
			children = (
				AADA0229186BAD6300996297 /* LWRecordingsViewController.h */,
				AADA022A186BAD6300996297 /* LWRecordingsViewController.m */,
				AADA022C186BAD7300996297 /* LWRecordingsViewController.xib */,
				AA239AD51879F9BB005590D4 /* LWRecording.h */,
				AA239AD61879F9BB005590D4 /* LWRecording.m */,
				AA239AD81879FFC5005590D4 /* LWRecordingStore.h */,
				AA239AD91879FFC5005590D4 /* LWRecordingStore.m */,
				AA239ADB187A453F005590D4 /* LWRecordingCell.h */,
				AA239ADC187A453F005590D4 /* LWRecordingCell.m */,
				AA239ADE187A4583005590D4 /* LWRecordingCell.xib */,
			);
			name = Recordings;
			sourceTree = "<group>";
		};
		AADA02E61877995A00996297 /* Alarms view */ = {
			isa = PBXGroup;
			children = (
				AADA0220186BACFB00996297 /* LWAlarmViewController.h */,
				AADA0221186BACFB00996297 /* LWAlarmViewController.m */,
				AADA02E118761D7E00996297 /* LWAlarmCell.h */,
				AADA02E218761D7E00996297 /* LWAlarmCell.m */,
				AADA02E418761E2900996297 /* LWAlarmCell.xib */,
			);
			name = "Alarms view";
			sourceTree = "<group>";
		};
		AADA02E71877997900996297 /* AddAlarms view */ = {
			isa = PBXGroup;
			children = (
				AADA028C18713CDB00996297 /* LWAddAlarmViewController.h */,
				AADA028D18713CDB00996297 /* LWAddAlarmViewController.m */,
				AADA028F18713CF300996297 /* LWAddAlarmViewController.xib */,
				AADA02E8187799DF00996297 /* LWSetLabelViewController.h */,
				AADA02E9187799DF00996297 /* LWSetLabelViewController.m */,
				AADA02EB18779A5500996297 /* LWSetLabelViewController.xib */,
				AA239AE0187E212D005590D4 /* LWSetWeeklyViewController.h */,
				AA239AE1187E212D005590D4 /* LWSetWeeklyViewController.m */,
				AA239AE518810A58005590D4 /* LWSetRetriggerViewController.h */,
				AA239AE618810A58005590D4 /* LWSetRetriggerViewController.m */,
				AA239AE818811B5A005590D4 /* LWSetRetriggerViewController.xib */,
				AA239B2418863741005590D4 /* LWSetSoundViewController.h */,
				AA239B2518863741005590D4 /* LWSetSoundViewController.m */,
			);
			name = "AddAlarms view";
			sourceTree = "<group>";
		};
		AAF1C54C18876C6400D33FEE /* New Group */ = {
			isa = PBXGroup;
			children = (
			);
			name = "New Group";
			sourceTree = "<group>";
		};
		AAF1C54D18876C7300D33FEE /* Icons */ = {
			isa = PBXGroup;
			children = (
				AAF1C55218876EFF00D33FEE /* up.jpg */,
				AAC67FD418A05221008F2527 /* 11-clock@2x.png */,
				AA58C40918A3E13300FD5D76 /* pause.jpg */,
				AA58C40A18A3E13300FD5D76 /* play.jpg */,
				AAC67FD618A05262008F2527 /* 159-voicemail@2x.png */,
				AAC67FD818A05329008F2527 /* 11-clock.png */,
				AAC67FDA18A05334008F2527 /* 159-voicemail.png */,
				AA5596EF18A6A49300022DB7 /* alarm.png */,
				AA5596F018A6A49300022DB7 /* alarm@2x.png */,
				AA5596F318A6A69900022DB7 /* z.png */,
				AA5596F418A6A69900022DB7 /* z@2x.png */,
			);
			name = Icons;
			sourceTree = "<group>";
		};
/* End PBXGroup section */

/* Begin PBXNativeTarget section */
		AADA01ED186BA9D400996297 /* Lucidwake */ = {
			isa = PBXNativeTarget;
			buildConfigurationList = AADA021A186BA9D400996297 /* Build configuration list for PBXNativeTarget "Lucidwake" */;
			buildPhases = (
				AADA01EA186BA9D400996297 /* Sources */,
				AADA01EB186BA9D400996297 /* Frameworks */,
				AADA01EC186BA9D400996297 /* Resources */,
			);
			buildRules = (
			);
			dependencies = (
			);
			name = Lucidwake;
			productName = Lucidwake;
			productReference = AADA01EE186BA9D400996297 /* Lucidwake.app */;
			productType = "com.apple.product-type.application";
		};
		AADA0208186BA9D400996297 /* LucidwakeTests */ = {
			isa = PBXNativeTarget;
			buildConfigurationList = AADA021D186BA9D400996297 /* Build configuration list for PBXNativeTarget "LucidwakeTests" */;
			buildPhases = (
				AADA0205186BA9D400996297 /* Sources */,
				AADA0206186BA9D400996297 /* Frameworks */,
				AADA0207186BA9D400996297 /* Resources */,
			);
			buildRules = (
			);
			dependencies = (
				AADA020F186BA9D400996297 /* PBXTargetDependency */,
			);
			name = LucidwakeTests;
			productName = LucidwakeTests;
			productReference = AADA0209186BA9D400996297 /* LucidwakeTests.xctest */;
			productType = "com.apple.product-type.bundle.unit-test";
		};
/* End PBXNativeTarget section */

/* Begin PBXProject section */
		AADA01E6186BA9D300996297 /* Project object */ = {
			isa = PBXProject;
			attributes = {
				CLASSPREFIX = LW;
				LastUpgradeCheck = 0500;
				ORGANIZATIONNAME = strangerware;
				TargetAttributes = {
					AADA01ED186BA9D400996297 = {
						DevelopmentTeam = HW89D56T9X;
					};
					AADA0208186BA9D400996297 = {
						TestTargetID = AADA01ED186BA9D400996297;
					};
				};
			};
			buildConfigurationList = AADA01E9186BA9D300996297 /* Build configuration list for PBXProject "Lucidwake" */;
			compatibilityVersion = "Xcode 3.2";
			developmentRegion = English;
			hasScannedForEncodings = 0;
			knownRegions = (
				en,
			);
			mainGroup = AADA01E5186BA9D300996297;
			productRefGroup = AADA01EF186BA9D400996297 /* Products */;
			projectDirPath = "";
			projectRoot = "";
			targets = (
				AADA01ED186BA9D400996297 /* Lucidwake */,
				AADA0208186BA9D400996297 /* LucidwakeTests */,
			);
		};
/* End PBXProject section */

/* Begin PBXResourcesBuildPhase section */
		AADA01EC186BA9D400996297 /* Resources */ = {
			isa = PBXResourcesBuildPhase;
			buildActionMask = 2147483647;
			files = (
				AA5596F818A6B4E300022DB7 /* Default@2x.png in Resources */,
				AADA01FC186BA9D400996297 /* InfoPlist.strings in Resources */,
				AA58C40C18A3E13300FD5D76 /* play.jpg in Resources */,
				AA5596F518A6A69900022DB7 /* z.png in Resources */,
				AAC67FD518A05221008F2527 /* 11-clock@2x.png in Resources */,
				AA239B0E188635D6005590D4 /* Crystals.m4r in Resources */,
				AA239B11188635D6005590D4 /* Night Owl.m4r in Resources */,
				AA239B0A188635D6005590D4 /* Chimes.m4r in Resources */,
				AAC67FD718A05262008F2527 /* 159-voicemail@2x.png in Resources */,
				AA239ADF187A4583005590D4 /* LWRecordingCell.xib in Resources */,
				AADA02EC18779A5500996297 /* LWSetLabelViewController.xib in Resources */,
				AA239B1B188635D6005590D4 /* Slow Rise.m4r in Resources */,
				AA239B18188635D6005590D4 /* Sencha.m4r in Resources */,
				AA239B20188635D6005590D4 /* Waves.m4r in Resources */,
				AA239B07188635D6005590D4 /* Beacon.m4r in Resources */,
				AAC67FDB18A05334008F2527 /* 159-voicemail.png in Resources */,
				AA239B1C188635D6005590D4 /* Stargaze.m4r in Resources */,
				AA239B1D188635D6005590D4 /* Summit.m4r in Resources */,
				AA239B0B188635D6005590D4 /* Circuit.m4r in Resources */,
				AA239B13188635D6005590D4 /* Playtime.m4r in Resources */,
				AAF1C55318876EFF00D33FEE /* up.jpg in Resources */,
				AA239B0C188635D6005590D4 /* Constellation.m4r in Resources */,
				AA239B1A188635D6005590D4 /* Silk.m4r in Resources */,
				AA239B06188635D6005590D4 /* Apex.m4r in Resources */,
				AA239B09188635D6005590D4 /* By The Seaside.m4r in Resources */,
				AA239B0D188635D6005590D4 /* Cosmic.m4r in Resources */,
				AA239B10188635D6005590D4 /* Illuminate.m4r in Resources */,
				AADA029018713CF300996297 /* LWAddAlarmViewController.xib in Resources */,
				AA239B08188635D6005590D4 /* Bulletin.m4r in Resources */,
				AA5596F618A6A69900022DB7 /* z@2x.png in Resources */,
				AA239B0F188635D6005590D4 /* Hillside.m4r in Resources */,
				AA239AE918811B5A005590D4 /* LWSetRetriggerViewController.xib in Resources */,
				AADA022D186BAD7300996297 /* LWRecordingsViewController.xib in Resources */,
				AA239B14188635D6005590D4 /* Presto.m4r in Resources */,
				AA239B1F188635D6005590D4 /* Uplift.m4r in Resources */,
				AA239B19188635D6005590D4 /* Signal.m4r in Resources */,
				AA239B15188635D6005590D4 /* Radar.m4r in Resources */,
				AA239B16188635D6005590D4 /* Radiate.m4r in Resources */,
				AA239B12188635D6005590D4 /* Opening.m4r in Resources */,
				AAC67FD918A05329008F2527 /* 11-clock.png in Resources */,
				AA5596F118A6A49300022DB7 /* alarm.png in Resources */,
				AA239B17188635D6005590D4 /* Ripples.m4r in Resources */,
				AADA02E518761E2900996297 /* LWAlarmCell.xib in Resources */,
				AA58C40B18A3E13300FD5D76 /* pause.jpg in Resources */,
				AA239B1E188635D6005590D4 /* Twinkle.m4r in Resources */,
				AAF1C5581896E54000D33FEE /* silence.wav in Resources */,
				AA5596F218A6A49300022DB7 /* alarm@2x.png in Resources */,
				AADA0204186BA9D400996297 /* Images.xcassets in Resources */,
			);
			runOnlyForDeploymentPostprocessing = 0;
		};
		AADA0207186BA9D400996297 /* Resources */ = {
			isa = PBXResourcesBuildPhase;
			buildActionMask = 2147483647;
			files = (
				AADA0215186BA9D400996297 /* InfoPlist.strings in Resources */,
			);
			runOnlyForDeploymentPostprocessing = 0;
		};
/* End PBXResourcesBuildPhase section */

/* Begin PBXSourcesBuildPhase section */
		AADA01EA186BA9D400996297 /* Sources */ = {
			isa = PBXSourcesBuildPhase;
			buildActionMask = 2147483647;
			files = (
				AADA028B1871391100996297 /* LWAlarm.m in Sources */,
				AADA02E318761D7E00996297 /* LWAlarmCell.m in Sources */,
				AA239AD71879F9BB005590D4 /* LWRecording.m in Sources */,
				AAE8D49D189D9E49009B68DF /* LWAlarmNotification.m in Sources */,
				AADA02EA187799DF00996297 /* LWSetLabelViewController.m in Sources */,
				AA239B2618863741005590D4 /* LWSetSoundViewController.m in Sources */,
				AA239ADD187A453F005590D4 /* LWRecordingCell.m in Sources */,
				AADA0288187138BB00996297 /* LWAlarmStore.m in Sources */,
				AA239ADA1879FFC5005590D4 /* LWRecordingStore.m in Sources */,
				AAF1C5561891CAAD00D33FEE /* LWTemporallyOrderedNotifications.m in Sources */,
				AADA028E18713CDB00996297 /* LWAddAlarmViewController.m in Sources */,
				AA239AE718810A58005590D4 /* LWSetRetriggerViewController.m in Sources */,
				AADA01FE186BA9D400996297 /* main.m in Sources */,
				AADA022B186BAD6300996297 /* LWRecordingsViewController.m in Sources */,
				AA239AE2187E212D005590D4 /* LWSetWeeklyViewController.m in Sources */,
				AADA0222186BACFB00996297 /* LWAlarmViewController.m in Sources */,
				AADA0202186BA9D400996297 /* LWAppDelegate.m in Sources */,
			);
			runOnlyForDeploymentPostprocessing = 0;
		};
		AADA0205186BA9D400996297 /* Sources */ = {
			isa = PBXSourcesBuildPhase;
			buildActionMask = 2147483647;
			files = (
				AADA0217186BA9D400996297 /* LucidwakeTests.m in Sources */,
			);
			runOnlyForDeploymentPostprocessing = 0;
		};
/* End PBXSourcesBuildPhase section */

/* Begin PBXTargetDependency section */
		AADA020F186BA9D400996297 /* PBXTargetDependency */ = {
			isa = PBXTargetDependency;
			target = AADA01ED186BA9D400996297 /* Lucidwake */;
			targetProxy = AADA020E186BA9D400996297 /* PBXContainerItemProxy */;
		};
/* End PBXTargetDependency section */

/* Begin PBXVariantGroup section */
		AADA01FA186BA9D400996297 /* InfoPlist.strings */ = {
			isa = PBXVariantGroup;
			children = (
				AADA01FB186BA9D400996297 /* en */,
			);
			name = InfoPlist.strings;
			sourceTree = "<group>";
		};
		AADA0213186BA9D400996297 /* InfoPlist.strings */ = {
			isa = PBXVariantGroup;
			children = (
				AADA0214186BA9D400996297 /* en */,
			);
			name = InfoPlist.strings;
			sourceTree = "<group>";
		};
/* End PBXVariantGroup section */

/* Begin XCBuildConfiguration section */
		AADA0218186BA9D400996297 /* Debug */ = {
			isa = XCBuildConfiguration;
			buildSettings = {
				ALWAYS_SEARCH_USER_PATHS = NO;
				ARCHS = "$(ARCHS_STANDARD_INCLUDING_64_BIT)";
				CLANG_CXX_LANGUAGE_STANDARD = "gnu++0x";
				CLANG_CXX_LIBRARY = "libc++";
				CLANG_ENABLE_MODULES = YES;
				CLANG_ENABLE_OBJC_ARC = YES;
				CLANG_WARN_BOOL_CONVERSION = YES;
				CLANG_WARN_CONSTANT_CONVERSION = YES;
				CLANG_WARN_DIRECT_OBJC_ISA_USAGE = YES_ERROR;
				CLANG_WARN_EMPTY_BODY = YES;
				CLANG_WARN_ENUM_CONVERSION = YES;
				CLANG_WARN_INT_CONVERSION = YES;
				CLANG_WARN_OBJC_ROOT_CLASS = YES_ERROR;
				CLANG_WARN__DUPLICATE_METHOD_MATCH = YES;
				"CODE_SIGN_IDENTITY[sdk=iphoneos*]" = "iPhone Developer";
				COPY_PHASE_STRIP = NO;
				GCC_C_LANGUAGE_STANDARD = gnu99;
				GCC_DYNAMIC_NO_PIC = NO;
				GCC_OPTIMIZATION_LEVEL = 0;
				GCC_PREPROCESSOR_DEFINITIONS = (
					"DEBUG=1",
					"$(inherited)",
				);
				GCC_SYMBOLS_PRIVATE_EXTERN = NO;
				GCC_WARN_64_TO_32_BIT_CONVERSION = YES;
				GCC_WARN_ABOUT_RETURN_TYPE = YES_ERROR;
				GCC_WARN_UNDECLARED_SELECTOR = YES;
				GCC_WARN_UNINITIALIZED_AUTOS = YES;
				GCC_WARN_UNUSED_FUNCTION = YES;
				GCC_WARN_UNUSED_VARIABLE = YES;
				IPHONEOS_DEPLOYMENT_TARGET = 7.0;
				ONLY_ACTIVE_ARCH = YES;
				SDKROOT = iphoneos;
			};
			name = Debug;
		};
		AADA0219186BA9D400996297 /* Release */ = {
			isa = XCBuildConfiguration;
			buildSettings = {
				ALWAYS_SEARCH_USER_PATHS = NO;
				ARCHS = "$(ARCHS_STANDARD_INCLUDING_64_BIT)";
				CLANG_CXX_LANGUAGE_STANDARD = "gnu++0x";
				CLANG_CXX_LIBRARY = "libc++";
				CLANG_ENABLE_MODULES = YES;
				CLANG_ENABLE_OBJC_ARC = YES;
				CLANG_WARN_BOOL_CONVERSION = YES;
				CLANG_WARN_CONSTANT_CONVERSION = YES;
				CLANG_WARN_DIRECT_OBJC_ISA_USAGE = YES_ERROR;
				CLANG_WARN_EMPTY_BODY = YES;
				CLANG_WARN_ENUM_CONVERSION = YES;
				CLANG_WARN_INT_CONVERSION = YES;
				CLANG_WARN_OBJC_ROOT_CLASS = YES_ERROR;
				CLANG_WARN__DUPLICATE_METHOD_MATCH = YES;
				"CODE_SIGN_IDENTITY[sdk=iphoneos*]" = "iPhone Developer";
				COPY_PHASE_STRIP = YES;
				ENABLE_NS_ASSERTIONS = NO;
				GCC_C_LANGUAGE_STANDARD = gnu99;
				GCC_WARN_64_TO_32_BIT_CONVERSION = YES;
				GCC_WARN_ABOUT_RETURN_TYPE = YES_ERROR;
				GCC_WARN_UNDECLARED_SELECTOR = YES;
				GCC_WARN_UNINITIALIZED_AUTOS = YES;
				GCC_WARN_UNUSED_FUNCTION = YES;
				GCC_WARN_UNUSED_VARIABLE = YES;
				IPHONEOS_DEPLOYMENT_TARGET = 7.0;
				SDKROOT = iphoneos;
				VALIDATE_PRODUCT = YES;
			};
			name = Release;
		};
		AADA021B186BA9D400996297 /* Debug */ = {
			isa = XCBuildConfiguration;
			buildSettings = {
				ASSETCATALOG_COMPILER_APPICON_NAME = AppIcon;
				ASSETCATALOG_COMPILER_LAUNCHIMAGE_NAME = LaunchImage;
				CODE_SIGN_IDENTITY = "iPhone Developer";
				"CODE_SIGN_IDENTITY[sdk=iphoneos*]" = "iPhone Developer";
				GCC_PRECOMPILE_PREFIX_HEADER = YES;
				GCC_PREFIX_HEADER = "Lucidwake/Lucidwake-Prefix.pch";
				INFOPLIST_FILE = "Lucidwake/Lucidwake-Info.plist";
				PRODUCT_NAME = "$(TARGET_NAME)";
				PROVISIONING_PROFILE = "";
				TARGETED_DEVICE_FAMILY = 1;
				WRAPPER_EXTENSION = app;
			};
			name = Debug;
		};
		AADA021C186BA9D400996297 /* Release */ = {
			isa = XCBuildConfiguration;
			buildSettings = {
				ASSETCATALOG_COMPILER_APPICON_NAME = AppIcon;
				ASSETCATALOG_COMPILER_LAUNCHIMAGE_NAME = LaunchImage;
				CODE_SIGN_IDENTITY = "iPhone Developer";
				"CODE_SIGN_IDENTITY[sdk=iphoneos*]" = "iPhone Developer";
				GCC_PRECOMPILE_PREFIX_HEADER = YES;
				GCC_PREFIX_HEADER = "Lucidwake/Lucidwake-Prefix.pch";
				INFOPLIST_FILE = "Lucidwake/Lucidwake-Info.plist";
				PRODUCT_NAME = "$(TARGET_NAME)";
				PROVISIONING_PROFILE = "";
				TARGETED_DEVICE_FAMILY = 1;
				WRAPPER_EXTENSION = app;
			};
			name = Release;
		};
		AADA021E186BA9D400996297 /* Debug */ = {
			isa = XCBuildConfiguration;
			buildSettings = {
				ARCHS = "$(ARCHS_STANDARD_INCLUDING_64_BIT)";
				BUNDLE_LOADER = "$(BUILT_PRODUCTS_DIR)/Lucidwake.app/Lucidwake";
				FRAMEWORK_SEARCH_PATHS = (
					"$(SDKROOT)/Developer/Library/Frameworks",
					"$(inherited)",
					"$(DEVELOPER_FRAMEWORKS_DIR)",
				);
				GCC_PRECOMPILE_PREFIX_HEADER = YES;
				GCC_PREFIX_HEADER = "Lucidwake/Lucidwake-Prefix.pch";
				GCC_PREPROCESSOR_DEFINITIONS = (
					"DEBUG=1",
					"$(inherited)",
				);
				INFOPLIST_FILE = "LucidwakeTests/LucidwakeTests-Info.plist";
				PRODUCT_NAME = "$(TARGET_NAME)";
				TEST_HOST = "$(BUNDLE_LOADER)";
				WRAPPER_EXTENSION = xctest;
			};
			name = Debug;
		};
		AADA021F186BA9D400996297 /* Release */ = {
			isa = XCBuildConfiguration;
			buildSettings = {
				ARCHS = "$(ARCHS_STANDARD_INCLUDING_64_BIT)";
				BUNDLE_LOADER = "$(BUILT_PRODUCTS_DIR)/Lucidwake.app/Lucidwake";
				FRAMEWORK_SEARCH_PATHS = (
					"$(SDKROOT)/Developer/Library/Frameworks",
					"$(inherited)",
					"$(DEVELOPER_FRAMEWORKS_DIR)",
				);
				GCC_PRECOMPILE_PREFIX_HEADER = YES;
				GCC_PREFIX_HEADER = "Lucidwake/Lucidwake-Prefix.pch";
				INFOPLIST_FILE = "LucidwakeTests/LucidwakeTests-Info.plist";
				PRODUCT_NAME = "$(TARGET_NAME)";
				TEST_HOST = "$(BUNDLE_LOADER)";
				WRAPPER_EXTENSION = xctest;
			};
			name = Release;
		};
/* End XCBuildConfiguration section */

/* Begin XCConfigurationList section */
		AADA01E9186BA9D300996297 /* Build configuration list for PBXProject "Lucidwake" */ = {
			isa = XCConfigurationList;
			buildConfigurations = (
				AADA0218186BA9D400996297 /* Debug */,
				AADA0219186BA9D400996297 /* Release */,
			);
			defaultConfigurationIsVisible = 0;
			defaultConfigurationName = Release;
		};
		AADA021A186BA9D400996297 /* Build configuration list for PBXNativeTarget "Lucidwake" */ = {
			isa = XCConfigurationList;
			buildConfigurations = (
				AADA021B186BA9D400996297 /* Debug */,
				AADA021C186BA9D400996297 /* Release */,
			);
			defaultConfigurationIsVisible = 0;
			defaultConfigurationName = Release;
		};
		AADA021D186BA9D400996297 /* Build configuration list for PBXNativeTarget "LucidwakeTests" */ = {
			isa = XCConfigurationList;
			buildConfigurations = (
				AADA021E186BA9D400996297 /* Debug */,
				AADA021F186BA9D400996297 /* Release */,
			);
			defaultConfigurationIsVisible = 0;
			defaultConfigurationName = Release;
		};
/* End XCConfigurationList section */
	};
	rootObject = AADA01E6186BA9D300996297 /* Project object */;
}
